
Microsoft Visual Studio Solution File, Format Version 12.00
# Visual Studio Version 17
VisualStudioVersion = 17.5.33424.131
MinimumVisualStudioVersion = 10.0.40219.1
Project("{8BC9CEB8-8B4A-11D0-8D11-00A0C91BC942}") = "Lab 6 Multilistas", "Lab 6 Multilistas\Lab 6 Multilistas.vcxproj", "{A3613B4F-09F4-4967-91CB-6572F95CD5FE}"
EndProject
Global
	GlobalSection(SolutionConfigurationPlatforms) = preSolution
		Debug|x64 = Debug|x64
		Debug|x86 = Debug|x86
		Release|x64 = Release|x64
		Release|x86 = Release|x86
	EndGlobalSection
	GlobalSection(ProjectConfigurationPlatforms) = postSolution
		{A3613B4F-09F4-4967-91CB-6572F95CD5FE}.Debug|x64.ActiveCfg = Debug|x64
		{A3613B4F-09F4-4967-91CB-6572F95CD5FE}.Debug|x64.Build.0 = Debug|x64
		{A3613B4F-09F4-4967-91CB-6572F95CD5FE}.Debug|x86.ActiveCfg = Debug|Win32
		{A3613B4F-09F4-4967-91CB-6572F95CD5FE}.Debug|x86.Build.0 = Debug|Win32
		{A3613B4F-09F4-4967-91CB-6572F95CD5FE}.Release|x64.ActiveCfg = Release|x64
		{A3613B4F-09F4-4967-91CB-6572F95CD5FE}.Release|x64.Build.0 = Release|x64
		{A3613B4F-09F4-4967-91CB-6572F95CD5FE}.Release|x86.ActiveCfg = Release|Win32
		{A3613B4F-09F4-4967-91CB-6572F95CD5FE}.Release|x86.Build.0 = Release|Win32
	EndGlobalSection
	GlobalSection(SolutionProperties) = preSolution
		HideSolutionNode = FALSE
	EndGlobalSection
	GlobalSection(ExtensibilityGlobals) = postSolution
		SolutionGuid = {581C44C6-97F1-4F65-93E5-DD394A9C3387}
	EndGlobalSection
EndGlobal
